
Microsoft Visual Studio Solution File, Format Version 12.00
Project("{FAE04EC0-301F-11D3-BF4B-00C04F79EFBC}") = "Client", "Client\Client.csproj", "{6A64B6D7-CEFC-4957-9AD3-D24F66DA6A40}"
EndProject
Project("{FAE04EC0-301F-11D3-BF4B-00C04F79EFBC}") = "Server", "Server\Server.csproj", "{0D969C09-600A-427A-8755-430349D11C0C}"
EndProject
Global
	GlobalSection(SolutionConfigurationPlatforms) = preSolution
		Debug|Any CPU = Debug|Any CPU
		Release|Any CPU = Release|Any CPU
	EndGlobalSection
	GlobalSection(ProjectConfigurationPlatforms) = postSolution
		{6A64B6D7-CEFC-4957-9AD3-D24F66DA6A40}.Debug|Any CPU.ActiveCfg = Debug|Any CPU
		{6A64B6D7-CEFC-4957-9AD3-D24F66DA6A40}.Debug|Any CPU.Build.0 = Debug|Any CPU
		{6A64B6D7-CEFC-4957-9AD3-D24F66DA6A40}.Release|Any CPU.ActiveCfg = Release|Any CPU
		{6A64B6D7-CEFC-4957-9AD3-D24F66DA6A40}.Release|Any CPU.Build.0 = Release|Any CPU
		{0D969C09-600A-427A-8755-430349D11C0C}.Debug|Any CPU.ActiveCfg = Debug|Any CPU
		{0D969C09-600A-427A-8755-430349D11C0C}.Debug|Any CPU.Build.0 = Debug|Any CPU
		{0D969C09-600A-427A-8755-430349D11C0C}.Release|Any CPU.ActiveCfg = Release|Any CPU
		{0D969C09-600A-427A-8755-430349D11C0C}.Release|Any CPU.Build.0 = Release|Any CPU
	EndGlobalSection
EndGlobal
